{
  "name": "magic-box-miniprogram",
  "version": "1.0.0",
  "lockfileVersion": 1,
  "requires": true,
  "dependencies": {
    "dayjs": {
      "version": "1.10.7",
      "resolved": "https://registry.npmjs.org/dayjs/-/dayjs-1.10.7.tgz",
      "integrity": "sha512-P6twpd70BcPK34K26uJ1KT3wlhpuOAPoMwJzpsIWUxHZ7wpmbdZL/hQqBDfz7hGurYSa5PhzdhDHtt319hL3ig=="
    },
    "miniprogram-cancel-token": {
      "version": "5.1.2",
      "resolved": "https://registry.npmjs.org/miniprogram-cancel-token/-/miniprogram-cancel-token-5.1.2.tgz",
      "integrity": "sha512-FuEqPbJNUKQQRcpNxis9uecVpHrjzGp0N9UfTHkQZjJuxP8OOD2fXWRcqFBh6WmitHwfSj4IzVJ+VFSJEglFyg=="
    },
    "miniprogram-network-life-cycle": {
      "version": "5.3.0-alpha.0",
      "resolved": "https://registry.npmjs.org/miniprogram-network-life-cycle/-/miniprogram-network-life-cycle-5.3.0-alpha.0.tgz",
      "integrity": "sha512-HBRlzInzzLYQcXEQKDtrgXj29vvrpPwuy07Sj1MrKs/JBw2ahAolu34/PglhVp/w6d6Y+oPpnptFjO4/bHBVvA==",
      "requires": {
        "miniprogram-cancel-token": "^5.1.2",
        "miniprogram-network-utils": "^5.3.0-alpha.0"
      }
    },
    "miniprogram-network-utils": {
      "version": "5.3.0-alpha.0",
      "resolved": "https://registry.npmjs.org/miniprogram-network-utils/-/miniprogram-network-utils-5.3.0-alpha.0.tgz",
      "integrity": "sha512-wnrm3Ii1UHnQuo294FANC2k6v91smaQE4+lz+dYUvlvebrHfFdX7LgUk4BkvcP38Mud/gt+6/XrLMgXou6//xw=="
    },
    "miniprogram-request": {
      "version": "5.3.0-alpha.0",
      "resolved": "https://registry.npmjs.org/miniprogram-request/-/miniprogram-request-5.3.0-alpha.0.tgz",
      "integrity": "sha512-ybwG1rCBWOm/Y92C9nSxasdy2VuKAKdWv//adftXGugo4OYd56NOfzLWXOkIDaydUdpG7qlUZSe19gBXcxCTYQ==",
      "requires": {
        "miniprogram-network-life-cycle": "^5.3.0-alpha.0",
        "miniprogram-network-utils": "^5.3.0-alpha.0"
      }
    },
    "tdesign-miniprogram": {
      "version": "0.3.0",
      "resolved": "https://registry.npmjs.org/tdesign-miniprogram/-/tdesign-miniprogram-0.3.0.tgz",
      "integrity": "sha512-0toLhEhu/RfQHsRLg4Q3CghvlDxg2bkyDCa9JFlQb417kz629+chdvohH8ct6w1CRydNsAtLi2bAR8UMV4r4Og==",
      "requires": {
        "dayjs": "^1.10.7"
      }
    }
  }
}
