{
  "name": "magic-box-miniprogram",
  "version": "1.0.0",
  "lockfileVersion": 1,
  "requires": true,
  "dependencies": {
    "dayjs": {
      "version": "1.10.7",
      "resolved": "https://registry.npmjs.org/dayjs/-/dayjs-1.10.7.tgz",
      "integrity": "sha512-P6twpd70BcPK34K26uJ1KT3wlhpuOAPoMwJzpsIWUxHZ7wpmbdZL/hQqBDfz7hGurYSa5PhzdhDHtt319hL3ig=="
    },
    "tdesign-miniprogram": {
      "version": "0.3.0",
      "resolved": "https://registry.npmjs.org/tdesign-miniprogram/-/tdesign-miniprogram-0.3.0.tgz",
      "integrity": "sha512-0toLhEhu/RfQHsRLg4Q3CghvlDxg2bkyDCa9JFlQb417kz629+chdvohH8ct6w1CRydNsAtLi2bAR8UMV4r4Og==",
      "requires": {
        "dayjs": "^1.10.7"
      }
    }
  }
}
